
Microsoft Visual Studio Solution File, Format Version 12.00
# Visual Studio 14
VisualStudioVersion = 14.0.25420.1
MinimumVisualStudioVersion = 10.0.40219.1
Project("{FAE04EC0-301F-11D3-BF4B-00C04F79EFBC}") = "App1", "App1\App1\App1.csproj", "{ACB5D869-FC9B-484E-8176-BE6CAF7386B0}"
EndProject
Project("{FAE04EC0-301F-11D3-BF4B-00C04F79EFBC}") = "App1.Droid", "App1\App1.Droid\App1.Droid.csproj", "{588E2672-3C4C-4C56-8360-140C3C2B2CD8}"
EndProject
Project("{FAE04EC0-301F-11D3-BF4B-00C04F79EFBC}") = "App1.iOS", "App1\App1.iOS\App1.iOS.csproj", "{6F43B024-C619-41D4-8EA3-3B7FE44A119B}"
EndProject
Project("{FAE04EC0-301F-11D3-BF4B-00C04F79EFBC}") = "App1.WinPhone", "App1\App1.WinPhone\App1.WinPhone.csproj", "{31C0FDD2-5535-445B-BCC9-BA4E6194B250}"
EndProject
Project("{FAE04EC0-301F-11D3-BF4B-00C04F79EFBC}") = "App1.UWP", "App1\App1.UWP\App1.UWP.csproj", "{18F297AB-D8C0-40A2-8F77-FA54119B6909}"
EndProject
Project("{FAE04EC0-301F-11D3-BF4B-00C04F79EFBC}") = "App1.Windows", "App1\App1.Windows\App1.Windows.csproj", "{E611BA2A-22FA-4016-B97A-2E18722B907B}"
EndProject
Global
	GlobalSection(SolutionConfigurationPlatforms) = preSolution
		Ad-Hoc|Any CPU = Ad-Hoc|Any CPU
		Ad-Hoc|ARM = Ad-Hoc|ARM
		Ad-Hoc|iPhone = Ad-Hoc|iPhone
		Ad-Hoc|iPhoneSimulator = Ad-Hoc|iPhoneSimulator
		Ad-Hoc|x64 = Ad-Hoc|x64
		Ad-Hoc|x86 = Ad-Hoc|x86
		AppStore|Any CPU = AppStore|Any CPU
		AppStore|ARM = AppStore|ARM
		AppStore|iPhone = AppStore|iPhone
		AppStore|iPhoneSimulator = AppStore|iPhoneSimulator
		AppStore|x64 = AppStore|x64
		AppStore|x86 = AppStore|x86
		Debug|Any CPU = Debug|Any CPU
		Debug|ARM = Debug|ARM
		Debug|iPhone = Debug|iPhone
		Debug|iPhoneSimulator = Debug|iPhoneSimulator
		Debug|x64 = Debug|x64
		Debug|x86 = Debug|x86
		Release|Any CPU = Release|Any CPU
		Release|ARM = Release|ARM
		Release|iPhone = Release|iPhone
		Release|iPhoneSimulator = Release|iPhoneSimulator
		Release|x64 = Release|x64
		Release|x86 = Release|x86
	EndGlobalSection
	GlobalSection(ProjectConfigurationPlatforms) = postSolution
		{ACB5D869-FC9B-484E-8176-BE6CAF7386B0}.Ad-Hoc|Any CPU.ActiveCfg = Release|Any CPU
		{ACB5D869-FC9B-484E-8176-BE6CAF7386B0}.Ad-Hoc|Any CPU.Build.0 = Release|Any CPU
		{ACB5D869-FC9B-484E-8176-BE6CAF7386B0}.Ad-Hoc|ARM.ActiveCfg = Release|Any CPU
		{ACB5D869-FC9B-484E-8176-BE6CAF7386B0}.Ad-Hoc|ARM.Build.0 = Release|Any CPU
		{ACB5D869-FC9B-484E-8176-BE6CAF7386B0}.Ad-Hoc|iPhone.ActiveCfg = Release|Any CPU
		{ACB5D869-FC9B-484E-8176-BE6CAF7386B0}.Ad-Hoc|iPhone.Build.0 = Release|Any CPU
		{ACB5D869-FC9B-484E-8176-BE6CAF7386B0}.Ad-Hoc|iPhoneSimulator.ActiveCfg = Release|Any CPU
		{ACB5D869-FC9B-484E-8176-BE6CAF7386B0}.Ad-Hoc|iPhoneSimulator.Build.0 = Release|Any CPU
		{ACB5D869-FC9B-484E-8176-BE6CAF7386B0}.Ad-Hoc|x64.ActiveCfg = Release|Any CPU
		{ACB5D869-FC9B-484E-8176-BE6CAF7386B0}.Ad-Hoc|x64.Build.0 = Release|Any CPU
		{ACB5D869-FC9B-484E-8176-BE6CAF7386B0}.Ad-Hoc|x86.ActiveCfg = Release|Any CPU
		{ACB5D869-FC9B-484E-8176-BE6CAF7386B0}.Ad-Hoc|x86.Build.0 = Release|Any CPU
		{ACB5D869-FC9B-484E-8176-BE6CAF7386B0}.AppStore|Any CPU.ActiveCfg = Release|Any CPU
		{ACB5D869-FC9B-484E-8176-BE6CAF7386B0}.AppStore|Any CPU.Build.0 = Release|Any CPU
		{ACB5D869-FC9B-484E-8176-BE6CAF7386B0}.AppStore|ARM.ActiveCfg = Release|Any CPU
		{ACB5D869-FC9B-484E-8176-BE6CAF7386B0}.AppStore|ARM.Build.0 = Release|Any CPU
		{ACB5D869-FC9B-484E-8176-BE6CAF7386B0}.AppStore|iPhone.ActiveCfg = Release|Any CPU
		{ACB5D869-FC9B-484E-8176-BE6CAF7386B0}.AppStore|iPhone.Build.0 = Release|Any CPU
		{ACB5D869-FC9B-484E-8176-BE6CAF7386B0}.AppStore|iPhoneSimulator.ActiveCfg = Release|Any CPU
		{ACB5D869-FC9B-484E-8176-BE6CAF7386B0}.AppStore|iPhoneSimulator.Build.0 = Release|Any CPU
		{ACB5D869-FC9B-484E-8176-BE6CAF7386B0}.AppStore|x64.ActiveCfg = Release|Any CPU
		{ACB5D869-FC9B-484E-8176-BE6CAF7386B0}.AppStore|x64.Build.0 = Release|Any CPU
		{ACB5D869-FC9B-484E-8176-BE6CAF7386B0}.AppStore|x86.ActiveCfg = Release|Any CPU
		{ACB5D869-FC9B-484E-8176-BE6CAF7386B0}.AppStore|x86.Build.0 = Release|Any CPU
		{ACB5D869-FC9B-484E-8176-BE6CAF7386B0}.Debug|Any CPU.ActiveCfg = Debug|Any CPU
		{ACB5D869-FC9B-484E-8176-BE6CAF7386B0}.Debug|Any CPU.Build.0 = Debug|Any CPU
		{ACB5D869-FC9B-484E-8176-BE6CAF7386B0}.Debug|ARM.ActiveCfg = Debug|Any CPU
		{ACB5D869-FC9B-484E-8176-BE6CAF7386B0}.Debug|ARM.Build.0 = Debug|Any CPU
		{ACB5D869-FC9B-484E-8176-BE6CAF7386B0}.Debug|iPhone.ActiveCfg = Debug|Any CPU
		{ACB5D869-FC9B-484E-8176-BE6CAF7386B0}.Debug|iPhone.Build.0 = Debug|Any CPU
		{ACB5D869-FC9B-484E-8176-BE6CAF7386B0}.Debug|iPhoneSimulator.ActiveCfg = Debug|Any CPU
		{ACB5D869-FC9B-484E-8176-BE6CAF7386B0}.Debug|iPhoneSimulator.Build.0 = Debug|Any CPU
		{ACB5D869-FC9B-484E-8176-BE6CAF7386B0}.Debug|x64.ActiveCfg = Debug|Any CPU
		{ACB5D869-FC9B-484E-8176-BE6CAF7386B0}.Debug|x64.Build.0 = Debug|Any CPU
		{ACB5D869-FC9B-484E-8176-BE6CAF7386B0}.Debug|x86.ActiveCfg = Debug|Any CPU
		{ACB5D869-FC9B-484E-8176-BE6CAF7386B0}.Debug|x86.Build.0 = Debug|Any CPU
		{ACB5D869-FC9B-484E-8176-BE6CAF7386B0}.Release|Any CPU.ActiveCfg = Release|Any CPU
		{ACB5D869-FC9B-484E-8176-BE6CAF7386B0}.Release|Any CPU.Build.0 = Release|Any CPU
		{ACB5D869-FC9B-484E-8176-BE6CAF7386B0}.Release|ARM.ActiveCfg = Release|Any CPU
		{ACB5D869-FC9B-484E-8176-BE6CAF7386B0}.Release|ARM.Build.0 = Release|Any CPU
		{ACB5D869-FC9B-484E-8176-BE6CAF7386B0}.Release|iPhone.ActiveCfg = Release|Any CPU
		{ACB5D869-FC9B-484E-8176-BE6CAF7386B0}.Release|iPhone.Build.0 = Release|Any CPU
		{ACB5D869-FC9B-484E-8176-BE6CAF7386B0}.Release|iPhoneSimulator.ActiveCfg = Release|Any CPU
		{ACB5D869-FC9B-484E-8176-BE6CAF7386B0}.Release|iPhoneSimulator.Build.0 = Release|Any CPU
		{ACB5D869-FC9B-484E-8176-BE6CAF7386B0}.Release|x64.ActiveCfg = Release|Any CPU
		{ACB5D869-FC9B-484E-8176-BE6CAF7386B0}.Release|x64.Build.0 = Release|Any CPU
		{ACB5D869-FC9B-484E-8176-BE6CAF7386B0}.Release|x86.ActiveCfg = Release|Any CPU
		{ACB5D869-FC9B-484E-8176-BE6CAF7386B0}.Release|x86.Build.0 = Release|Any CPU
		{588E2672-3C4C-4C56-8360-140C3C2B2CD8}.Ad-Hoc|Any CPU.ActiveCfg = Release|Any CPU
		{588E2672-3C4C-4C56-8360-140C3C2B2CD8}.Ad-Hoc|Any CPU.Build.0 = Release|Any CPU
		{588E2672-3C4C-4C56-8360-140C3C2B2CD8}.Ad-Hoc|Any CPU.Deploy.0 = Release|Any CPU
		{588E2672-3C4C-4C56-8360-140C3C2B2CD8}.Ad-Hoc|ARM.ActiveCfg = Release|Any CPU
		{588E2672-3C4C-4C56-8360-140C3C2B2CD8}.Ad-Hoc|ARM.Build.0 = Release|Any CPU
		{588E2672-3C4C-4C56-8360-140C3C2B2CD8}.Ad-Hoc|ARM.Deploy.0 = Release|Any CPU
		{588E2672-3C4C-4C56-8360-140C3C2B2CD8}.Ad-Hoc|iPhone.ActiveCfg = Release|Any CPU
		{588E2672-3C4C-4C56-8360-140C3C2B2CD8}.Ad-Hoc|iPhone.Build.0 = Release|Any CPU
		{588E2672-3C4C-4C56-8360-140C3C2B2CD8}.Ad-Hoc|iPhone.Deploy.0 = Release|Any CPU
		{588E2672-3C4C-4C56-8360-140C3C2B2CD8}.Ad-Hoc|iPhoneSimulator.ActiveCfg = Release|Any CPU
		{588E2672-3C4C-4C56-8360-140C3C2B2CD8}.Ad-Hoc|iPhoneSimulator.Build.0 = Release|Any CPU
		{588E2672-3C4C-4C56-8360-140C3C2B2CD8}.Ad-Hoc|iPhoneSimulator.Deploy.0 = Release|Any CPU
		{588E2672-3C4C-4C56-8360-140C3C2B2CD8}.Ad-Hoc|x64.ActiveCfg = Release|Any CPU
		{588E2672-3C4C-4C56-8360-140C3C2B2CD8}.Ad-Hoc|x64.Build.0 = Release|Any CPU
		{588E2672-3C4C-4C56-8360-140C3C2B2CD8}.Ad-Hoc|x64.Deploy.0 = Release|Any CPU
		{588E2672-3C4C-4C56-8360-140C3C2B2CD8}.Ad-Hoc|x86.ActiveCfg = Release|Any CPU
		{588E2672-3C4C-4C56-8360-140C3C2B2CD8}.Ad-Hoc|x86.Build.0 = Release|Any CPU
		{588E2672-3C4C-4C56-8360-140C3C2B2CD8}.Ad-Hoc|x86.Deploy.0 = Release|Any CPU
		{588E2672-3C4C-4C56-8360-140C3C2B2CD8}.AppStore|Any CPU.ActiveCfg = Release|Any CPU
		{588E2672-3C4C-4C56-8360-140C3C2B2CD8}.AppStore|Any CPU.Build.0 = Release|Any CPU
		{588E2672-3C4C-4C56-8360-140C3C2B2CD8}.AppStore|Any CPU.Deploy.0 = Release|Any CPU
		{588E2672-3C4C-4C56-8360-140C3C2B2CD8}.AppStore|ARM.ActiveCfg = Release|Any CPU
		{588E2672-3C4C-4C56-8360-140C3C2B2CD8}.AppStore|ARM.Build.0 = Release|Any CPU
		{588E2672-3C4C-4C56-8360-140C3C2B2CD8}.AppStore|ARM.Deploy.0 = Release|Any CPU
		{588E2672-3C4C-4C56-8360-140C3C2B2CD8}.AppStore|iPhone.ActiveCfg = Release|Any CPU
		{588E2672-3C4C-4C56-8360-140C3C2B2CD8}.AppStore|iPhone.Build.0 = Release|Any CPU
		{588E2672-3C4C-4C56-8360-140C3C2B2CD8}.AppStore|iPhone.Deploy.0 = Release|Any CPU
		{588E2672-3C4C-4C56-8360-140C3C2B2CD8}.AppStore|iPhoneSimulator.ActiveCfg = Release|Any CPU
		{588E2672-3C4C-4C56-8360-140C3C2B2CD8}.AppStore|iPhoneSimulator.Build.0 = Release|Any CPU
		{588E2672-3C4C-4C56-8360-140C3C2B2CD8}.AppStore|iPhoneSimulator.Deploy.0 = Release|Any CPU
		{588E2672-3C4C-4C56-8360-140C3C2B2CD8}.AppStore|x64.ActiveCfg = Release|Any CPU
		{588E2672-3C4C-4C56-8360-140C3C2B2CD8}.AppStore|x64.Build.0 = Release|Any CPU
		{588E2672-3C4C-4C56-8360-140C3C2B2CD8}.AppStore|x64.Deploy.0 = Release|Any CPU
		{588E2672-3C4C-4C56-8360-140C3C2B2CD8}.AppStore|x86.ActiveCfg = Release|Any CPU
		{588E2672-3C4C-4C56-8360-140C3C2B2CD8}.AppStore|x86.Build.0 = Release|Any CPU
		{588E2672-3C4C-4C56-8360-140C3C2B2CD8}.AppStore|x86.Deploy.0 = Release|Any CPU
		{588E2672-3C4C-4C56-8360-140C3C2B2CD8}.Debug|Any CPU.ActiveCfg = Debug|Any CPU
		{588E2672-3C4C-4C56-8360-140C3C2B2CD8}.Debug|Any CPU.Build.0 = Debug|Any CPU
		{588E2672-3C4C-4C56-8360-140C3C2B2CD8}.Debug|Any CPU.Deploy.0 = Debug|Any CPU
		{588E2672-3C4C-4C56-8360-140C3C2B2CD8}.Debug|ARM.ActiveCfg = Debug|Any CPU
		{588E2672-3C4C-4C56-8360-140C3C2B2CD8}.Debug|ARM.Build.0 = Debug|Any CPU
		{588E2672-3C4C-4C56-8360-140C3C2B2CD8}.Debug|ARM.Deploy.0 = Debug|Any CPU
		{588E2672-3C4C-4C56-8360-140C3C2B2CD8}.Debug|iPhone.ActiveCfg = Debug|Any CPU
		{588E2672-3C4C-4C56-8360-140C3C2B2CD8}.Debug|iPhone.Build.0 = Debug|Any CPU
		{588E2672-3C4C-4C56-8360-140C3C2B2CD8}.Debug|iPhone.Deploy.0 = Debug|Any CPU
		{588E2672-3C4C-4C56-8360-140C3C2B2CD8}.Debug|iPhoneSimulator.ActiveCfg = Debug|Any CPU
		{588E2672-3C4C-4C56-8360-140C3C2B2CD8}.Debug|iPhoneSimulator.Build.0 = Debug|Any CPU
		{588E2672-3C4C-4C56-8360-140C3C2B2CD8}.Debug|iPhoneSimulator.Deploy.0 = Debug|Any CPU
		{588E2672-3C4C-4C56-8360-140C3C2B2CD8}.Debug|x64.ActiveCfg = Debug|Any CPU
		{588E2672-3C4C-4C56-8360-140C3C2B2CD8}.Debug|x64.Build.0 = Debug|Any CPU
		{588E2672-3C4C-4C56-8360-140C3C2B2CD8}.Debug|x64.Deploy.0 = Debug|Any CPU
		{588E2672-3C4C-4C56-8360-140C3C2B2CD8}.Debug|x86.ActiveCfg = Debug|Any CPU
		{588E2672-3C4C-4C56-8360-140C3C2B2CD8}.Debug|x86.Build.0 = Debug|Any CPU
		{588E2672-3C4C-4C56-8360-140C3C2B2CD8}.Debug|x86.Deploy.0 = Debug|Any CPU
		{588E2672-3C4C-4C56-8360-140C3C2B2CD8}.Release|Any CPU.ActiveCfg = Release|Any CPU
		{588E2672-3C4C-4C56-8360-140C3C2B2CD8}.Release|Any CPU.Build.0 = Release|Any CPU
		{588E2672-3C4C-4C56-8360-140C3C2B2CD8}.Release|Any CPU.Deploy.0 = Release|Any CPU
		{588E2672-3C4C-4C56-8360-140C3C2B2CD8}.Release|ARM.ActiveCfg = Release|Any CPU
		{588E2672-3C4C-4C56-8360-140C3C2B2CD8}.Release|ARM.Build.0 = Release|Any CPU
		{588E2672-3C4C-4C56-8360-140C3C2B2CD8}.Release|ARM.Deploy.0 = Release|Any CPU
		{588E2672-3C4C-4C56-8360-140C3C2B2CD8}.Release|iPhone.ActiveCfg = Release|Any CPU
		{588E2672-3C4C-4C56-8360-140C3C2B2CD8}.Release|iPhone.Build.0 = Release|Any CPU
		{588E2672-3C4C-4C56-8360-140C3C2B2CD8}.Release|iPhone.Deploy.0 = Release|Any CPU
		{588E2672-3C4C-4C56-8360-140C3C2B2CD8}.Release|iPhoneSimulator.ActiveCfg = Release|Any CPU
		{588E2672-3C4C-4C56-8360-140C3C2B2CD8}.Release|iPhoneSimulator.Build.0 = Release|Any CPU
		{588E2672-3C4C-4C56-8360-140C3C2B2CD8}.Release|iPhoneSimulator.Deploy.0 = Release|Any CPU
		{588E2672-3C4C-4C56-8360-140C3C2B2CD8}.Release|x64.ActiveCfg = Release|Any CPU
		{588E2672-3C4C-4C56-8360-140C3C2B2CD8}.Release|x64.Build.0 = Release|Any CPU
		{588E2672-3C4C-4C56-8360-140C3C2B2CD8}.Release|x64.Deploy.0 = Release|Any CPU
		{588E2672-3C4C-4C56-8360-140C3C2B2CD8}.Release|x86.ActiveCfg = Release|Any CPU
		{588E2672-3C4C-4C56-8360-140C3C2B2CD8}.Release|x86.Build.0 = Release|Any CPU
		{588E2672-3C4C-4C56-8360-140C3C2B2CD8}.Release|x86.Deploy.0 = Release|Any CPU
		{6F43B024-C619-41D4-8EA3-3B7FE44A119B}.Ad-Hoc|Any CPU.ActiveCfg = Ad-Hoc|iPhone
		{6F43B024-C619-41D4-8EA3-3B7FE44A119B}.Ad-Hoc|ARM.ActiveCfg = Ad-Hoc|iPhone
		{6F43B024-C619-41D4-8EA3-3B7FE44A119B}.Ad-Hoc|iPhone.ActiveCfg = Ad-Hoc|iPhone
		{6F43B024-C619-41D4-8EA3-3B7FE44A119B}.Ad-Hoc|iPhone.Build.0 = Ad-Hoc|iPhone
		{6F43B024-C619-41D4-8EA3-3B7FE44A119B}.Ad-Hoc|iPhoneSimulator.ActiveCfg = Ad-Hoc|iPhoneSimulator
		{6F43B024-C619-41D4-8EA3-3B7FE44A119B}.Ad-Hoc|iPhoneSimulator.Build.0 = Ad-Hoc|iPhoneSimulator
		{6F43B024-C619-41D4-8EA3-3B7FE44A119B}.Ad-Hoc|x64.ActiveCfg = Ad-Hoc|iPhone
		{6F43B024-C619-41D4-8EA3-3B7FE44A119B}.Ad-Hoc|x86.ActiveCfg = Ad-Hoc|iPhone
		{6F43B024-C619-41D4-8EA3-3B7FE44A119B}.AppStore|Any CPU.ActiveCfg = AppStore|iPhone
		{6F43B024-C619-41D4-8EA3-3B7FE44A119B}.AppStore|ARM.ActiveCfg = AppStore|iPhone
		{6F43B024-C619-41D4-8EA3-3B7FE44A119B}.AppStore|iPhone.ActiveCfg = AppStore|iPhone
		{6F43B024-C619-41D4-8EA3-3B7FE44A119B}.AppStore|iPhone.Build.0 = AppStore|iPhone
		{6F43B024-C619-41D4-8EA3-3B7FE44A119B}.AppStore|iPhoneSimulator.ActiveCfg = AppStore|iPhoneSimulator
		{6F43B024-C619-41D4-8EA3-3B7FE44A119B}.AppStore|iPhoneSimulator.Build.0 = AppStore|iPhoneSimulator
		{6F43B024-C619-41D4-8EA3-3B7FE44A119B}.AppStore|x64.ActiveCfg = AppStore|iPhone
		{6F43B024-C619-41D4-8EA3-3B7FE44A119B}.AppStore|x86.ActiveCfg = AppStore|iPhone
		{6F43B024-C619-41D4-8EA3-3B7FE44A119B}.Debug|Any CPU.ActiveCfg = Debug|iPhone
		{6F43B024-C619-41D4-8EA3-3B7FE44A119B}.Debug|ARM.ActiveCfg = Debug|iPhone
		{6F43B024-C619-41D4-8EA3-3B7FE44A119B}.Debug|iPhone.ActiveCfg = Debug|iPhone
		{6F43B024-C619-41D4-8EA3-3B7FE44A119B}.Debug|iPhone.Build.0 = Debug|iPhone
		{6F43B024-C619-41D4-8EA3-3B7FE44A119B}.Debug|iPhoneSimulator.ActiveCfg = Debug|iPhoneSimulator
		{6F43B024-C619-41D4-8EA3-3B7FE44A119B}.Debug|iPhoneSimulator.Build.0 = Debug|iPhoneSimulator
		{6F43B024-C619-41D4-8EA3-3B7FE44A119B}.Debug|x64.ActiveCfg = Debug|iPhone
		{6F43B024-C619-41D4-8EA3-3B7FE44A119B}.Debug|x86.ActiveCfg = Debug|iPhone
		{6F43B024-C619-41D4-8EA3-3B7FE44A119B}.Release|Any CPU.ActiveCfg = Release|iPhone
		{6F43B024-C619-41D4-8EA3-3B7FE44A119B}.Release|ARM.ActiveCfg = Release|iPhone
		{6F43B024-C619-41D4-8EA3-3B7FE44A119B}.Release|iPhone.ActiveCfg = Release|iPhone
		{6F43B024-C619-41D4-8EA3-3B7FE44A119B}.Release|iPhone.Build.0 = Release|iPhone
		{6F43B024-C619-41D4-8EA3-3B7FE44A119B}.Release|iPhoneSimulator.ActiveCfg = Release|iPhoneSimulator
		{6F43B024-C619-41D4-8EA3-3B7FE44A119B}.Release|iPhoneSimulator.Build.0 = Release|iPhoneSimulator
		{6F43B024-C619-41D4-8EA3-3B7FE44A119B}.Release|x64.ActiveCfg = Release|iPhone
		{6F43B024-C619-41D4-8EA3-3B7FE44A119B}.Release|x86.ActiveCfg = Release|iPhone
		{31C0FDD2-5535-445B-BCC9-BA4E6194B250}.Ad-Hoc|Any CPU.ActiveCfg = Release|Any CPU
		{31C0FDD2-5535-445B-BCC9-BA4E6194B250}.Ad-Hoc|Any CPU.Build.0 = Release|Any CPU
		{31C0FDD2-5535-445B-BCC9-BA4E6194B250}.Ad-Hoc|Any CPU.Deploy.0 = Release|Any CPU
		{31C0FDD2-5535-445B-BCC9-BA4E6194B250}.Ad-Hoc|ARM.ActiveCfg = Release|ARM
		{31C0FDD2-5535-445B-BCC9-BA4E6194B250}.Ad-Hoc|ARM.Build.0 = Release|ARM
		{31C0FDD2-5535-445B-BCC9-BA4E6194B250}.Ad-Hoc|ARM.Deploy.0 = Release|ARM
		{31C0FDD2-5535-445B-BCC9-BA4E6194B250}.Ad-Hoc|iPhone.ActiveCfg = Release|Any CPU
		{31C0FDD2-5535-445B-BCC9-BA4E6194B250}.Ad-Hoc|iPhone.Build.0 = Release|Any CPU
		{31C0FDD2-5535-445B-BCC9-BA4E6194B250}.Ad-Hoc|iPhone.Deploy.0 = Release|Any CPU
		{31C0FDD2-5535-445B-BCC9-BA4E6194B250}.Ad-Hoc|iPhoneSimulator.ActiveCfg = Release|Any CPU
		{31C0FDD2-5535-445B-BCC9-BA4E6194B250}.Ad-Hoc|iPhoneSimulator.Build.0 = Release|Any CPU
		{31C0FDD2-5535-445B-BCC9-BA4E6194B250}.Ad-Hoc|iPhoneSimulator.Deploy.0 = Release|Any CPU
		{31C0FDD2-5535-445B-BCC9-BA4E6194B250}.Ad-Hoc|x64.ActiveCfg = Release|Any CPU
		{31C0FDD2-5535-445B-BCC9-BA4E6194B250}.Ad-Hoc|x64.Build.0 = Release|Any CPU
		{31C0FDD2-5535-445B-BCC9-BA4E6194B250}.Ad-Hoc|x64.Deploy.0 = Release|Any CPU
		{31C0FDD2-5535-445B-BCC9-BA4E6194B250}.Ad-Hoc|x86.ActiveCfg = Release|x86
		{31C0FDD2-5535-445B-BCC9-BA4E6194B250}.Ad-Hoc|x86.Build.0 = Release|x86
		{31C0FDD2-5535-445B-BCC9-BA4E6194B250}.Ad-Hoc|x86.Deploy.0 = Release|x86
		{31C0FDD2-5535-445B-BCC9-BA4E6194B250}.AppStore|Any CPU.ActiveCfg = Release|Any CPU
		{31C0FDD2-5535-445B-BCC9-BA4E6194B250}.AppStore|Any CPU.Build.0 = Release|Any CPU
		{31C0FDD2-5535-445B-BCC9-BA4E6194B250}.AppStore|Any CPU.Deploy.0 = Release|Any CPU
		{31C0FDD2-5535-445B-BCC9-BA4E6194B250}.AppStore|ARM.ActiveCfg = Release|ARM
		{31C0FDD2-5535-445B-BCC9-BA4E6194B250}.AppStore|ARM.Build.0 = Release|ARM
		{31C0FDD2-5535-445B-BCC9-BA4E6194B250}.AppStore|ARM.Deploy.0 = Release|ARM
		{31C0FDD2-5535-445B-BCC9-BA4E6194B250}.AppStore|iPhone.ActiveCfg = Release|Any CPU
		{31C0FDD2-5535-445B-BCC9-BA4E6194B250}.AppStore|iPhone.Build.0 = Release|Any CPU
		{31C0FDD2-5535-445B-BCC9-BA4E6194B250}.AppStore|iPhone.Deploy.0 = Release|Any CPU
		{31C0FDD2-5535-445B-BCC9-BA4E6194B250}.AppStore|iPhoneSimulator.ActiveCfg = Release|Any CPU
		{31C0FDD2-5535-445B-BCC9-BA4E6194B250}.AppStore|iPhoneSimulator.Build.0 = Release|Any CPU
		{31C0FDD2-5535-445B-BCC9-BA4E6194B250}.AppStore|iPhoneSimulator.Deploy.0 = Release|Any CPU
		{31C0FDD2-5535-445B-BCC9-BA4E6194B250}.AppStore|x64.ActiveCfg = Release|Any CPU
		{31C0FDD2-5535-445B-BCC9-BA4E6194B250}.AppStore|x64.Build.0 = Release|Any CPU
		{31C0FDD2-5535-445B-BCC9-BA4E6194B250}.AppStore|x64.Deploy.0 = Release|Any CPU
		{31C0FDD2-5535-445B-BCC9-BA4E6194B250}.AppStore|x86.ActiveCfg = Release|x86
		{31C0FDD2-5535-445B-BCC9-BA4E6194B250}.AppStore|x86.Build.0 = Release|x86
		{31C0FDD2-5535-445B-BCC9-BA4E6194B250}.AppStore|x86.Deploy.0 = Release|x86
		{31C0FDD2-5535-445B-BCC9-BA4E6194B250}.Debug|Any CPU.ActiveCfg = Debug|Any CPU
		{31C0FDD2-5535-445B-BCC9-BA4E6194B250}.Debug|Any CPU.Build.0 = Debug|Any CPU
		{31C0FDD2-5535-445B-BCC9-BA4E6194B250}.Debug|Any CPU.Deploy.0 = Debug|Any CPU
		{31C0FDD2-5535-445B-BCC9-BA4E6194B250}.Debug|ARM.ActiveCfg = Debug|ARM
		{31C0FDD2-5535-445B-BCC9-BA4E6194B250}.Debug|ARM.Build.0 = Debug|ARM
		{31C0FDD2-5535-445B-BCC9-BA4E6194B250}.Debug|ARM.Deploy.0 = Debug|ARM
		{31C0FDD2-5535-445B-BCC9-BA4E6194B250}.Debug|iPhone.ActiveCfg = Debug|Any CPU
		{31C0FDD2-5535-445B-BCC9-BA4E6194B250}.Debug|iPhone.Build.0 = Debug|Any CPU
		{31C0FDD2-5535-445B-BCC9-BA4E6194B250}.Debug|iPhone.Deploy.0 = Debug|Any CPU
		{31C0FDD2-5535-445B-BCC9-BA4E6194B250}.Debug|iPhoneSimulator.ActiveCfg = Debug|Any CPU
		{31C0FDD2-5535-445B-BCC9-BA4E6194B250}.Debug|iPhoneSimulator.Build.0 = Debug|Any CPU
		{31C0FDD2-5535-445B-BCC9-BA4E6194B250}.Debug|iPhoneSimulator.Deploy.0 = Debug|Any CPU
		{31C0FDD2-5535-445B-BCC9-BA4E6194B250}.Debug|x64.ActiveCfg = Debug|Any CPU
		{31C0FDD2-5535-445B-BCC9-BA4E6194B250}.Debug|x64.Build.0 = Debug|Any CPU
		{31C0FDD2-5535-445B-BCC9-BA4E6194B250}.Debug|x64.Deploy.0 = Debug|Any CPU
		{31C0FDD2-5535-445B-BCC9-BA4E6194B250}.Debug|x86.ActiveCfg = Debug|x86
		{31C0FDD2-5535-445B-BCC9-BA4E6194B250}.Debug|x86.Build.0 = Debug|x86
		{31C0FDD2-5535-445B-BCC9-BA4E6194B250}.Debug|x86.Deploy.0 = Debug|x86
		{31C0FDD2-5535-445B-BCC9-BA4E6194B250}.Release|Any CPU.ActiveCfg = Release|Any CPU
		{31C0FDD2-5535-445B-BCC9-BA4E6194B250}.Release|Any CPU.Build.0 = Release|Any CPU
		{31C0FDD2-5535-445B-BCC9-BA4E6194B250}.Release|Any CPU.Deploy.0 = Release|Any CPU
		{31C0FDD2-5535-445B-BCC9-BA4E6194B250}.Release|ARM.ActiveCfg = Release|ARM
		{31C0FDD2-5535-445B-BCC9-BA4E6194B250}.Release|ARM.Build.0 = Release|ARM
		{31C0FDD2-5535-445B-BCC9-BA4E6194B250}.Release|ARM.Deploy.0 = Release|ARM
		{31C0FDD2-5535-445B-BCC9-BA4E6194B250}.Release|iPhone.ActiveCfg = Release|Any CPU
		{31C0FDD2-5535-445B-BCC9-BA4E6194B250}.Release|iPhone.Build.0 = Release|Any CPU
		{31C0FDD2-5535-445B-BCC9-BA4E6194B250}.Release|iPhone.Deploy.0 = Release|Any CPU
		{31C0FDD2-5535-445B-BCC9-BA4E6194B250}.Release|iPhoneSimulator.ActiveCfg = Release|Any CPU
		{31C0FDD2-5535-445B-BCC9-BA4E6194B250}.Release|iPhoneSimulator.Build.0 = Release|Any CPU
		{31C0FDD2-5535-445B-BCC9-BA4E6194B250}.Release|iPhoneSimulator.Deploy.0 = Release|Any CPU
		{31C0FDD2-5535-445B-BCC9-BA4E6194B250}.Release|x64.ActiveCfg = Release|Any CPU
		{31C0FDD2-5535-445B-BCC9-BA4E6194B250}.Release|x64.Build.0 = Release|Any CPU
		{31C0FDD2-5535-445B-BCC9-BA4E6194B250}.Release|x64.Deploy.0 = Release|Any CPU
		{31C0FDD2-5535-445B-BCC9-BA4E6194B250}.Release|x86.ActiveCfg = Release|x86
		{31C0FDD2-5535-445B-BCC9-BA4E6194B250}.Release|x86.Build.0 = Release|x86
		{31C0FDD2-5535-445B-BCC9-BA4E6194B250}.Release|x86.Deploy.0 = Release|x86
		{18F297AB-D8C0-40A2-8F77-FA54119B6909}.Ad-Hoc|Any CPU.ActiveCfg = Release|x86
		{18F297AB-D8C0-40A2-8F77-FA54119B6909}.Ad-Hoc|Any CPU.Build.0 = Release|x86
		{18F297AB-D8C0-40A2-8F77-FA54119B6909}.Ad-Hoc|Any CPU.Deploy.0 = Release|x86
		{18F297AB-D8C0-40A2-8F77-FA54119B6909}.Ad-Hoc|ARM.ActiveCfg = Release|ARM
		{18F297AB-D8C0-40A2-8F77-FA54119B6909}.Ad-Hoc|ARM.Build.0 = Release|ARM
		{18F297AB-D8C0-40A2-8F77-FA54119B6909}.Ad-Hoc|ARM.Deploy.0 = Release|ARM
		{18F297AB-D8C0-40A2-8F77-FA54119B6909}.Ad-Hoc|iPhone.ActiveCfg = Release|x86
		{18F297AB-D8C0-40A2-8F77-FA54119B6909}.Ad-Hoc|iPhone.Build.0 = Release|x86
		{18F297AB-D8C0-40A2-8F77-FA54119B6909}.Ad-Hoc|iPhone.Deploy.0 = Release|x86
		{18F297AB-D8C0-40A2-8F77-FA54119B6909}.Ad-Hoc|iPhoneSimulator.ActiveCfg = Release|x86
		{18F297AB-D8C0-40A2-8F77-FA54119B6909}.Ad-Hoc|iPhoneSimulator.Build.0 = Release|x86
		{18F297AB-D8C0-40A2-8F77-FA54119B6909}.Ad-Hoc|iPhoneSimulator.Deploy.0 = Release|x86
		{18F297AB-D8C0-40A2-8F77-FA54119B6909}.Ad-Hoc|x64.ActiveCfg = Release|x64
		{18F297AB-D8C0-40A2-8F77-FA54119B6909}.Ad-Hoc|x64.Build.0 = Release|x64
		{18F297AB-D8C0-40A2-8F77-FA54119B6909}.Ad-Hoc|x64.Deploy.0 = Release|x64
		{18F297AB-D8C0-40A2-8F77-FA54119B6909}.Ad-Hoc|x86.ActiveCfg = Release|x86
		{18F297AB-D8C0-40A2-8F77-FA54119B6909}.Ad-Hoc|x86.Build.0 = Release|x86
		{18F297AB-D8C0-40A2-8F77-FA54119B6909}.Ad-Hoc|x86.Deploy.0 = Release|x86
		{18F297AB-D8C0-40A2-8F77-FA54119B6909}.AppStore|Any CPU.ActiveCfg = Release|x86
		{18F297AB-D8C0-40A2-8F77-FA54119B6909}.AppStore|Any CPU.Build.0 = Release|x86
		{18F297AB-D8C0-40A2-8F77-FA54119B6909}.AppStore|Any CPU.Deploy.0 = Release|x86
		{18F297AB-D8C0-40A2-8F77-FA54119B6909}.AppStore|ARM.ActiveCfg = Release|ARM
		{18F297AB-D8C0-40A2-8F77-FA54119B6909}.AppStore|ARM.Build.0 = Release|ARM
		{18F297AB-D8C0-40A2-8F77-FA54119B6909}.AppStore|ARM.Deploy.0 = Release|ARM
		{18F297AB-D8C0-40A2-8F77-FA54119B6909}.AppStore|iPhone.ActiveCfg = Release|x86
		{18F297AB-D8C0-40A2-8F77-FA54119B6909}.AppStore|iPhone.Build.0 = Release|x86
		{18F297AB-D8C0-40A2-8F77-FA54119B6909}.AppStore|iPhone.Deploy.0 = Release|x86
		{18F297AB-D8C0-40A2-8F77-FA54119B6909}.AppStore|iPhoneSimulator.ActiveCfg = Release|x86
		{18F297AB-D8C0-40A2-8F77-FA54119B6909}.AppStore|iPhoneSimulator.Build.0 = Release|x86
		{18F297AB-D8C0-40A2-8F77-FA54119B6909}.AppStore|iPhoneSimulator.Deploy.0 = Release|x86
		{18F297AB-D8C0-40A2-8F77-FA54119B6909}.AppStore|x64.ActiveCfg = Release|x64
		{18F297AB-D8C0-40A2-8F77-FA54119B6909}.AppStore|x64.Build.0 = Release|x64
		{18F297AB-D8C0-40A2-8F77-FA54119B6909}.AppStore|x64.Deploy.0 = Release|x64
		{18F297AB-D8C0-40A2-8F77-FA54119B6909}.AppStore|x86.ActiveCfg = Release|x86
		{18F297AB-D8C0-40A2-8F77-FA54119B6909}.AppStore|x86.Build.0 = Release|x86
		{18F297AB-D8C0-40A2-8F77-FA54119B6909}.AppStore|x86.Deploy.0 = Release|x86
		{18F297AB-D8C0-40A2-8F77-FA54119B6909}.Debug|Any CPU.ActiveCfg = Debug|x86
		{18F297AB-D8C0-40A2-8F77-FA54119B6909}.Debug|ARM.ActiveCfg = Debug|ARM
		{18F297AB-D8C0-40A2-8F77-FA54119B6909}.Debug|ARM.Build.0 = Debug|ARM
		{18F297AB-D8C0-40A2-8F77-FA54119B6909}.Debug|ARM.Deploy.0 = Debug|ARM
		{18F297AB-D8C0-40A2-8F77-FA54119B6909}.Debug|iPhone.ActiveCfg = Debug|x86
		{18F297AB-D8C0-40A2-8F77-FA54119B6909}.Debug|iPhoneSimulator.ActiveCfg = Debug|x86
		{18F297AB-D8C0-40A2-8F77-FA54119B6909}.Debug|x64.ActiveCfg = Debug|x64
		{18F297AB-D8C0-40A2-8F77-FA54119B6909}.Debug|x64.Build.0 = Debug|x64
		{18F297AB-D8C0-40A2-8F77-FA54119B6909}.Debug|x64.Deploy.0 = Debug|x64
		{18F297AB-D8C0-40A2-8F77-FA54119B6909}.Debug|x86.ActiveCfg = Debug|x86
		{18F297AB-D8C0-40A2-8F77-FA54119B6909}.Debug|x86.Build.0 = Debug|x86
		{18F297AB-D8C0-40A2-8F77-FA54119B6909}.Debug|x86.Deploy.0 = Debug|x86
		{18F297AB-D8C0-40A2-8F77-FA54119B6909}.Release|Any CPU.ActiveCfg = Release|x86
		{18F297AB-D8C0-40A2-8F77-FA54119B6909}.Release|ARM.ActiveCfg = Release|ARM
		{18F297AB-D8C0-40A2-8F77-FA54119B6909}.Release|ARM.Build.0 = Release|ARM
		{18F297AB-D8C0-40A2-8F77-FA54119B6909}.Release|ARM.Deploy.0 = Release|ARM
		{18F297AB-D8C0-40A2-8F77-FA54119B6909}.Release|iPhone.ActiveCfg = Release|x86
		{18F297AB-D8C0-40A2-8F77-FA54119B6909}.Release|iPhoneSimulator.ActiveCfg = Release|x86
		{18F297AB-D8C0-40A2-8F77-FA54119B6909}.Release|x64.ActiveCfg = Release|x64
		{18F297AB-D8C0-40A2-8F77-FA54119B6909}.Release|x64.Build.0 = Release|x64
		{18F297AB-D8C0-40A2-8F77-FA54119B6909}.Release|x64.Deploy.0 = Release|x64
		{18F297AB-D8C0-40A2-8F77-FA54119B6909}.Release|x86.ActiveCfg = Release|x86
		{18F297AB-D8C0-40A2-8F77-FA54119B6909}.Release|x86.Build.0 = Release|x86
		{18F297AB-D8C0-40A2-8F77-FA54119B6909}.Release|x86.Deploy.0 = Release|x86
		{E611BA2A-22FA-4016-B97A-2E18722B907B}.Ad-Hoc|Any CPU.ActiveCfg = Release|Any CPU
		{E611BA2A-22FA-4016-B97A-2E18722B907B}.Ad-Hoc|Any CPU.Build.0 = Release|Any CPU
		{E611BA2A-22FA-4016-B97A-2E18722B907B}.Ad-Hoc|Any CPU.Deploy.0 = Release|Any CPU
		{E611BA2A-22FA-4016-B97A-2E18722B907B}.Ad-Hoc|ARM.ActiveCfg = Release|ARM
		{E611BA2A-22FA-4016-B97A-2E18722B907B}.Ad-Hoc|ARM.Build.0 = Release|ARM
		{E611BA2A-22FA-4016-B97A-2E18722B907B}.Ad-Hoc|ARM.Deploy.0 = Release|ARM
		{E611BA2A-22FA-4016-B97A-2E18722B907B}.Ad-Hoc|iPhone.ActiveCfg = Release|Any CPU
		{E611BA2A-22FA-4016-B97A-2E18722B907B}.Ad-Hoc|iPhone.Build.0 = Release|Any CPU
		{E611BA2A-22FA-4016-B97A-2E18722B907B}.Ad-Hoc|iPhone.Deploy.0 = Release|Any CPU
		{E611BA2A-22FA-4016-B97A-2E18722B907B}.Ad-Hoc|iPhoneSimulator.ActiveCfg = Release|Any CPU
		{E611BA2A-22FA-4016-B97A-2E18722B907B}.Ad-Hoc|iPhoneSimulator.Build.0 = Release|Any CPU
		{E611BA2A-22FA-4016-B97A-2E18722B907B}.Ad-Hoc|iPhoneSimulator.Deploy.0 = Release|Any CPU
		{E611BA2A-22FA-4016-B97A-2E18722B907B}.Ad-Hoc|x64.ActiveCfg = Release|x64
		{E611BA2A-22FA-4016-B97A-2E18722B907B}.Ad-Hoc|x64.Build.0 = Release|x64
		{E611BA2A-22FA-4016-B97A-2E18722B907B}.Ad-Hoc|x64.Deploy.0 = Release|x64
		{E611BA2A-22FA-4016-B97A-2E18722B907B}.Ad-Hoc|x86.ActiveCfg = Release|x86
		{E611BA2A-22FA-4016-B97A-2E18722B907B}.Ad-Hoc|x86.Build.0 = Release|x86
		{E611BA2A-22FA-4016-B97A-2E18722B907B}.Ad-Hoc|x86.Deploy.0 = Release|x86
		{E611BA2A-22FA-4016-B97A-2E18722B907B}.AppStore|Any CPU.ActiveCfg = Release|Any CPU
		{E611BA2A-22FA-4016-B97A-2E18722B907B}.AppStore|Any CPU.Build.0 = Release|Any CPU
		{E611BA2A-22FA-4016-B97A-2E18722B907B}.AppStore|Any CPU.Deploy.0 = Release|Any CPU
		{E611BA2A-22FA-4016-B97A-2E18722B907B}.AppStore|ARM.ActiveCfg = Release|ARM
		{E611BA2A-22FA-4016-B97A-2E18722B907B}.AppStore|ARM.Build.0 = Release|ARM
		{E611BA2A-22FA-4016-B97A-2E18722B907B}.AppStore|ARM.Deploy.0 = Release|ARM
		{E611BA2A-22FA-4016-B97A-2E18722B907B}.AppStore|iPhone.ActiveCfg = Release|Any CPU
		{E611BA2A-22FA-4016-B97A-2E18722B907B}.AppStore|iPhone.Build.0 = Release|Any CPU
		{E611BA2A-22FA-4016-B97A-2E18722B907B}.AppStore|iPhone.Deploy.0 = Release|Any CPU
		{E611BA2A-22FA-4016-B97A-2E18722B907B}.AppStore|iPhoneSimulator.ActiveCfg = Release|Any CPU
		{E611BA2A-22FA-4016-B97A-2E18722B907B}.AppStore|iPhoneSimulator.Build.0 = Release|Any CPU
		{E611BA2A-22FA-4016-B97A-2E18722B907B}.AppStore|iPhoneSimulator.Deploy.0 = Release|Any CPU
		{E611BA2A-22FA-4016-B97A-2E18722B907B}.AppStore|x64.ActiveCfg = Release|x64
		{E611BA2A-22FA-4016-B97A-2E18722B907B}.AppStore|x64.Build.0 = Release|x64
		{E611BA2A-22FA-4016-B97A-2E18722B907B}.AppStore|x64.Deploy.0 = Release|x64
		{E611BA2A-22FA-4016-B97A-2E18722B907B}.AppStore|x86.ActiveCfg = Release|x86
		{E611BA2A-22FA-4016-B97A-2E18722B907B}.AppStore|x86.Build.0 = Release|x86
		{E611BA2A-22FA-4016-B97A-2E18722B907B}.AppStore|x86.Deploy.0 = Release|x86
		{E611BA2A-22FA-4016-B97A-2E18722B907B}.Debug|Any CPU.ActiveCfg = Debug|Any CPU
		{E611BA2A-22FA-4016-B97A-2E18722B907B}.Debug|Any CPU.Build.0 = Debug|Any CPU
		{E611BA2A-22FA-4016-B97A-2E18722B907B}.Debug|Any CPU.Deploy.0 = Debug|Any CPU
		{E611BA2A-22FA-4016-B97A-2E18722B907B}.Debug|ARM.ActiveCfg = Debug|ARM
		{E611BA2A-22FA-4016-B97A-2E18722B907B}.Debug|ARM.Build.0 = Debug|ARM
		{E611BA2A-22FA-4016-B97A-2E18722B907B}.Debug|ARM.Deploy.0 = Debug|ARM
		{E611BA2A-22FA-4016-B97A-2E18722B907B}.Debug|iPhone.ActiveCfg = Debug|Any CPU
		{E611BA2A-22FA-4016-B97A-2E18722B907B}.Debug|iPhone.Build.0 = Debug|Any CPU
		{E611BA2A-22FA-4016-B97A-2E18722B907B}.Debug|iPhone.Deploy.0 = Debug|Any CPU
		{E611BA2A-22FA-4016-B97A-2E18722B907B}.Debug|iPhoneSimulator.ActiveCfg = Debug|Any CPU
		{E611BA2A-22FA-4016-B97A-2E18722B907B}.Debug|iPhoneSimulator.Build.0 = Debug|Any CPU
		{E611BA2A-22FA-4016-B97A-2E18722B907B}.Debug|iPhoneSimulator.Deploy.0 = Debug|Any CPU
		{E611BA2A-22FA-4016-B97A-2E18722B907B}.Debug|x64.ActiveCfg = Debug|x64
		{E611BA2A-22FA-4016-B97A-2E18722B907B}.Debug|x64.Build.0 = Debug|x64
		{E611BA2A-22FA-4016-B97A-2E18722B907B}.Debug|x64.Deploy.0 = Debug|x64
		{E611BA2A-22FA-4016-B97A-2E18722B907B}.Debug|x86.ActiveCfg = Debug|x86
		{E611BA2A-22FA-4016-B97A-2E18722B907B}.Debug|x86.Build.0 = Debug|x86
		{E611BA2A-22FA-4016-B97A-2E18722B907B}.Debug|x86.Deploy.0 = Debug|x86
		{E611BA2A-22FA-4016-B97A-2E18722B907B}.Release|Any CPU.ActiveCfg = Release|Any CPU
		{E611BA2A-22FA-4016-B97A-2E18722B907B}.Release|Any CPU.Build.0 = Release|Any CPU
		{E611BA2A-22FA-4016-B97A-2E18722B907B}.Release|Any CPU.Deploy.0 = Release|Any CPU
		{E611BA2A-22FA-4016-B97A-2E18722B907B}.Release|ARM.ActiveCfg = Release|ARM
		{E611BA2A-22FA-4016-B97A-2E18722B907B}.Release|ARM.Build.0 = Release|ARM
		{E611BA2A-22FA-4016-B97A-2E18722B907B}.Release|ARM.Deploy.0 = Release|ARM
		{E611BA2A-22FA-4016-B97A-2E18722B907B}.Release|iPhone.ActiveCfg = Release|Any CPU
		{E611BA2A-22FA-4016-B97A-2E18722B907B}.Release|iPhone.Build.0 = Release|Any CPU
		{E611BA2A-22FA-4016-B97A-2E18722B907B}.Release|iPhone.Deploy.0 = Release|Any CPU
		{E611BA2A-22FA-4016-B97A-2E18722B907B}.Release|iPhoneSimulator.ActiveCfg = Release|Any CPU
		{E611BA2A-22FA-4016-B97A-2E18722B907B}.Release|iPhoneSimulator.Build.0 = Release|Any CPU
		{E611BA2A-22FA-4016-B97A-2E18722B907B}.Release|iPhoneSimulator.Deploy.0 = Release|Any CPU
		{E611BA2A-22FA-4016-B97A-2E18722B907B}.Release|x64.ActiveCfg = Release|x64
		{E611BA2A-22FA-4016-B97A-2E18722B907B}.Release|x64.Build.0 = Release|x64
		{E611BA2A-22FA-4016-B97A-2E18722B907B}.Release|x64.Deploy.0 = Release|x64
		{E611BA2A-22FA-4016-B97A-2E18722B907B}.Release|x86.ActiveCfg = Release|x86
		{E611BA2A-22FA-4016-B97A-2E18722B907B}.Release|x86.Build.0 = Release|x86
		{E611BA2A-22FA-4016-B97A-2E18722B907B}.Release|x86.Deploy.0 = Release|x86
	EndGlobalSection
	GlobalSection(SolutionProperties) = preSolution
		HideSolutionNode = FALSE
	EndGlobalSection
EndGlobal
